{
  "format": 1,
  "program_commitment": "592e66b2ad10053c0ac3bcfbacd0fb78381591d596f3deb5ab32108f632a1a1d",
  "tiles": {
    "append_token_id": {
      "image_id": "068732a09468bf848bd2e5efcc08e7c5fe5d2c51b339efcbf7c3ae88f4ec20a5",
      "source_hash": "e392756a41a4d0850000000000000dd9"
    },
    "assert_merges_converged": {
      "image_id": "8114f1734290d2e97cf9441dbca03c3705a576beac291b256ccf65dde227557b",
      "source_hash": "e392756a41a4d0850000000000000dd9"
    },
    "begin_ranked_step": {
      "image_id": "0f0bb0065f042f01fd06f117304d83a3557357c7049c2a8823467e9f8c2ca1eb",
      "source_hash": "e392756a41a4d0850000000000000dd9"
    },
    "begin_vocab_lookup": {
      "image_id": "b25dad992063d5e0e373bd1b3b8cf6dc6df63181c2d7e07ac1d709a537ec6bfa",
      "source_hash": "e392756a41a4d0850000000000000dd9"
    },
    "empty_merge_match": {
      "image_id": "c215bbdbb3bafb5853d8757fa2991061d0f844a9ad5afb31f4b99ee54a992b2e",
      "source_hash": "e392756a41a4d0850000000000000dd9"
    },
    "empty_merge_scan": {
      "image_id": "028f5c0d90829421af4d161b9b418fb41f69d3282de9ae6a22d6565f4bf450b5",
      "source_hash": "e392756a41a4d0850000000000000dd9"
    },
    "empty_vocab_match": {
      "image_id": "b004691e53d03a05c8f998bc05efda833cdcc49eece0c7915854f9a6ef19a837",
      "source_hash": "e392756a41a4d0850000000000000dd9"
    },
    "finish_ranked_step": {
      "image_id": "46e94b5ef7bb7973f63b8970fe4e9626ac5c844bb6d82dd60ae78473db204a88",
      "source_hash": "e392756a41a4d0850000000000000dd9"
    },
    "merge_bucket_index": {
      "image_id": "50c46e8f94406123187046f142e7a47778a847d63ecae476375998c719c2bafc",
      "source_hash": "e392756a41a4d0850000000000000dd9"
    },
    "scan_merge_rules": {
      "image_id": "25420a6feb4b6b4f974c36e6e146db26d037f6ca2894acd29edd7e49bbc25f85",
      "source_hash": "e392756a41a4d0850000000000000dd9"
    },
    "scan_vocab_chunk": {
      "image_id": "ca5a476e6dd96eb353bc47358adf5f28bd9046d9a3c4c3ee634cdac98b7a7681",
      "source_hash": "e392756a41a4d0850000000000000dd9"
    },
    "vocab_bucket_index": {
      "image_id": "edc9937d612146e046286beb7ba7677cd139a87b92400605cb1a4e931800ecd8",
      "source_hash": "e392756a41a4d0850000000000000dd9"
    }
  },
  "toolchain": {
    "risc0": "risc0-zkvm-1.2",
    "build_mode": "local"
  }
}
