{
  "format": 1,
  "program_commitment": "fbbbdce913fd5305a155d5a68ec20f92d47e33827dfe1e50a006ef449479a3ec",
  "tiles": {
    "advance_merge_cursor": {
      "image_id": "3971fcf5dfb18224c206e347fb5775ab7fbe7f613489a422f2d12f690e38f9f8",
      "source_hash": "cdb0549fbce334f700000000000023f9"
    },
    "advance_scan": {
      "image_id": "b0abb690cd1ae1b34fcdbd208b13bb81c65483d3b7108940d3fc0bf15f63bd52",
      "source_hash": "cdb0549fbce334f700000000000023f9"
    },
    "append_token_id": {
      "image_id": "393844b8d1740dd569d3d8219a025243eb33210529133e4233d80834aeece397",
      "source_hash": "cdb0549fbce334f700000000000023f9"
    },
    "append_unless_terminator": {
      "image_id": "d445ff903d2b35e933be6ed5e299c42d79bb7ae6f1cf139feec05fe0feee8384",
      "source_hash": "cdb0549fbce334f700000000000023f9"
    },
    "assert_merges_converged": {
      "image_id": "260c18a6ba8ed82d61808923b76dc0a546d15d4b5f1a7496e09284f5fe889a91",
      "source_hash": "cdb0549fbce334f700000000000023f9"
    },
    "begin_merge_step": {
      "image_id": "a0c69b713636875705301fe21a6a16024af0f2afe22a40a59f59d057d945f8fb",
      "source_hash": "cdb0549fbce334f700000000000023f9"
    },
    "begin_scan_step": {
      "image_id": "19f43f9bf35ee41b1e100bee0889f8a745af5e77bba547222382834bad0c9832",
      "source_hash": "cdb0549fbce334f700000000000023f9"
    },
    "begin_vocab_lookup": {
      "image_id": "d1c91dd518baa965152396fc9f3a90faebd43d5936a3d73f4e6ae2f6ba193d94",
      "source_hash": "cdb0549fbce334f700000000000023f9"
    },
    "emit_merged_piece": {
      "image_id": "d195771db731cf7fd3ab3eeaf544bc4b6acc3836e1b04575fffaff8527038749",
      "source_hash": "cdb0549fbce334f700000000000023f9"
    },
    "merge_bucket_index": {
      "image_id": "b7b35961767f1adfa3d35b083a8e369d54af2b8ca6497010837f4ceba513a7bb",
      "source_hash": "cdb0549fbce334f700000000000023f9"
    },
    "scan_bucket_index": {
      "image_id": "695651ea5c5302cc19b00a56e9b9619c46c9d23c30d67e065150d3de3b9b83b9",
      "source_hash": "cdb0549fbce334f700000000000023f9"
    },
    "scan_merge_rules": {
      "image_id": "cb29eca274b7931aea731bcea00084f137d93d32b763d1c6f61909d25d6ee67b",
      "source_hash": "cdb0549fbce334f700000000000023f9"
    },
    "scan_vocab_chunk": {
      "image_id": "44de62517e86d6f859990ec5bb8793a3f8323022393dcb22ddccbd1357b9b566",
      "source_hash": "cdb0549fbce334f700000000000023f9"
    },
    "vocab_bucket_index": {
      "image_id": "f71ca9bacd05bec83086794a248413a56b5dbcc9acd926b88d22663ac8ba2619",
      "source_hash": "cdb0549fbce334f700000000000023f9"
    }
  },
  "toolchain": {
    "risc0": "risc0-zkvm-1.2",
    "build_mode": "local"
  }
}
