{
  "format": 1,
  "program_commitment": "990d41a68522a9f65a15fbedd744b397928846833044813d33d2b4c98a7a6ed4",
  "tiles": {
    "assert_layer_complete": {
      "image_id": "e7f638f93af2b369ca354618ce5e30b383fd6c3e2ce19aa528e4e6bc029d0ad6",
      "source_hash": "b12aafb82359d8df0000000000002374"
    },
    "assert_matrix_bytes": {
      "image_id": "fd0f4603a8b85547cb970f1dfc6ce89bc80727adaf02c1a0df01069cbb610a7a",
      "source_hash": "b12aafb82359d8df0000000000002374"
    },
    "begin_ple_layer": {
      "image_id": "e8c0efbbc6e73a90b7392822789b16c109cd3dde4fc072502a2d6ccba62546fa",
      "source_hash": "b12aafb82359d8df0000000000002374"
    },
    "begin_ple_task": {
      "image_id": "32bd19b6e65966209c11722967e90d146787faa38c86a8a97828749df649367c",
      "source_hash": "b12aafb82359d8df0000000000002374"
    },
    "combine_ple_row": {
      "image_id": "38053045f6d2e72427b5945906a18b8d4a6e0b880c229a27ca393a1e8458df5f",
      "source_hash": "b12aafb82359d8df0000000000002374"
    },
    "finish_ple_projection": {
      "image_id": "0e33a0ee82c04d2392c036fec1f80abf3c0c10129f55bffc7c53e2d218449ea3",
      "source_hash": "b12aafb82359d8df0000000000002374"
    },
    "mac_weight_page": {
      "image_id": "6ffa62a766db9a11c4052e7beb7415d83574fd05b0a1a7f809ad70784bc18d26",
      "source_hash": "b12aafb82359d8df0000000000002374"
    },
    "page_of": {
      "image_id": "518da9ec94ce6628c6493df1d5a8119a0133c2e452a603bbf317741c29e59e1d",
      "source_hash": "b12aafb82359d8df0000000000002374"
    },
    "ple_activation": {
      "image_id": "504deee0a8e45d433fff17cef1df9c36eef4c0ef2efd638de0156b9407279e0e",
      "source_hash": "b12aafb82359d8df0000000000002374"
    },
    "ple_byte_offset": {
      "image_id": "a8e65fa6a357fefa28481bc7e909c1a2be30f16fc29a7f816ec875a2cdc90d21",
      "source_hash": "b12aafb82359d8df0000000000002374"
    },
    "summarise_layer_errors": {
      "image_id": "c30b9f5bd935d2432bacac80926753bfb39b3955d0688c608dbb52f39fa82790",
      "source_hash": "b12aafb82359d8df0000000000002374"
    },
    "validate_layer_params": {
      "image_id": "54cf1eccd2084121fc25c898ec7fff6837a83540abd3545a12ffc9b9a6ff96d5",
      "source_hash": "b12aafb82359d8df0000000000002374"
    },
    "zero_accum": {
      "image_id": "36207d31ce009b615043b398aa2ab51bcb480e734cbe84dab539fd699d9150ab",
      "source_hash": "b12aafb82359d8df0000000000002374"
    }
  },
  "toolchain": {
    "risc0": "risc0-zkvm-1.2",
    "build_mode": "local"
  }
}
