{
  "format": 1,
  "program_commitment": "efd99fd5db5b0e73fbecf7d3f523bd1f5066e668cea620fd357c486ab2988a87",
  "tiles": {
    "assert_logits_complete": {
      "image_id": "3584734a8adb961a11598a09548dc25649a67bb1a79aa95f0b2bfd720e412708",
      "source_hash": "78633ebe7817724b0000000000001a43"
    },
    "begin_logits": {
      "image_id": "4909b0d6abaa2907872a936172eccca4359ece49af9bacce1c628f1a56add93e",
      "source_hash": "78633ebe7817724b0000000000001a43"
    },
    "empty_final_position": {
      "image_id": "5a7aee1d00b5c1604182a635928b6bff0b2da54713bd72d09012f6c6c0e0e8a0",
      "source_hash": "78633ebe7817724b0000000000001a43"
    },
    "normalize_final_position": {
      "image_id": "73bb608a1b6d3908cba7bf9a01b1926b5303d9d4265458573cff997915f5f460",
      "source_hash": "78633ebe7817724b0000000000001a43"
    },
    "project_logit_page": {
      "image_id": "8a2d78c6bc8f2ccb64d657db0225aa1b07f8e3b9b9d341feeb771c6194957032",
      "source_hash": "78633ebe7817724b0000000000001a43"
    },
    "summarise_errors": {
      "image_id": "93a1128d045a34b49b87ad51147df3bac09ab33c34163b6c94b2dc46310a7217",
      "source_hash": "78633ebe7817724b0000000000001a43"
    },
    "track_final_position": {
      "image_id": "7890c28ed5e203a30ddc5f7119a949c0ed8a4ce1c221b30406e7d90ec97214b2",
      "source_hash": "78633ebe7817724b0000000000001a43"
    },
    "validate_final_head": {
      "image_id": "3e55e2b2bf21f7cdf3c75433cc12f076871eaf2f4462d95ae68d4abc5eaf42f8",
      "source_hash": "78633ebe7817724b0000000000001a43"
    }
  },
  "toolchain": {
    "risc0": "risc0-zkvm-1.2",
    "build_mode": "local"
  }
}
