{
  "format": 1,
  "program_commitment": "662f4d92b5323162f4039e72cc152eb40d2179afa42496bd1f9190715d405c76",
  "tiles": {
    "begin_finalize_state": {
      "image_id": "b94841d1cb4d14da2f23119d14cb039b22ff318f711a0e37548ed434ae341558",
      "source_hash": "fc4263be3caae6c90000000000001410"
    },
    "begin_generated_output": {
      "image_id": "43a02c6d29ef7e50e5698e19142f12d66ab271c4841620377c7649da8cca329c",
      "source_hash": "fc4263be3caae6c90000000000001410"
    },
    "consume_decoder_token": {
      "image_id": "a2cf79454a6f16eaab4c68b171dc50992fc1d55c503449a1ce99f10c6e83e74d",
      "source_hash": "fc4263be3caae6c90000000000001410"
    },
    "copy_output_token_ids": {
      "image_id": "8a25541ce5bfde19c9f470b95ab0a8ab38b6d48d3d2a7af30ee6784174a1ad6c",
      "source_hash": "fc4263be3caae6c90000000000001410"
    },
    "finish_finalize_state": {
      "image_id": "5c66d8f2c8687898cea4578ee581404ae85943375d4aa8f840324fd44668fd7b",
      "source_hash": "fc4263be3caae6c90000000000001410"
    },
    "validate_decode_edge": {
      "image_id": "656c6c6838fe9bd489890b39ea983fb90f29140cad3f6b270d5cb972bc836925",
      "source_hash": "fc4263be3caae6c90000000000001410"
    }
  },
  "toolchain": {
    "risc0": "risc0-zkvm-1.2",
    "build_mode": "local"
  }
}
